[root]
name = "ircbutt"
version = "0.1.0"
dependencies = [
 "hyper 0.0.1 (git+https://github.com/retep998/hyper)",
 "irc 0.1.1 (git+https://github.com/aaronweiss74/irc)",
 "time 0.1.0 (git+https://github.com/rust-lang/time)",
]

[[package]]
name = "cookie"
version = "0.0.1"
source = "git+https://github.com/alexcrichton/cookie-rs#cbeb942c35bc130e578725ab829ff3cb976a7c92"
dependencies = [
 "openssl 0.2.1 (git+https://github.com/sfackler/rust-openssl)",
 "time 0.1.0 (git+https://github.com/rust-lang/time)",
 "url 0.1.0 (git+https://github.com/servo/rust-url)",
]

[[package]]
name = "gcc"
version = "0.1.0"
source = "git+https://github.com/alexcrichton/gcc-rs#96c9e44ce3dfccc47c16fcfd743a33b3b4205daf"

[[package]]
name = "hyper"
version = "0.0.1"
source = "git+https://github.com/retep998/hyper#00a76cee0339c9306d204c82267543f9da2da4e5"
dependencies = [
 "cookie 0.0.1 (git+https://github.com/alexcrichton/cookie-rs)",
 "mime 0.0.1 (git+https://github.com/hyperium/mime.rs)",
 "openssl 0.2.1 (git+https://github.com/sfackler/rust-openssl)",
 "time 0.1.0 (git+https://github.com/rust-lang/time)",
 "unsafe-any 0.1.1 (git+https://github.com/reem/rust-unsafe-any)",
 "url 0.1.0 (git+https://github.com/servo/rust-url)",
]

[[package]]
name = "irc"
version = "0.1.1"
source = "git+https://github.com/aaronweiss74/irc#308a506d8fa6123c36c71d35355a91b06146ac54"

[[package]]
name = "mime"
version = "0.0.1"
source = "git+https://github.com/hyperium/mime.rs#7898f1c29c7f5d35d0c3c7aed37ebcfc95a40873"

[[package]]
name = "openssl"
version = "0.2.1"
source = "git+https://github.com/sfackler/rust-openssl#ad109a25bea667429b6002bb5ba1c8b6c768b308"
dependencies = [
 "openssl-sys 0.2.1 (git+https://github.com/sfackler/rust-openssl)",
]

[[package]]
name = "openssl-sys"
version = "0.2.1"
source = "git+https://github.com/sfackler/rust-openssl#ad109a25bea667429b6002bb5ba1c8b6c768b308"
dependencies = [
 "pkg-config 0.1.0 (registry+https://github.com/rust-lang/crates.io-index)",
]

[[package]]
name = "pkg-config"
version = "0.1.0"
source = "registry+https://github.com/rust-lang/crates.io-index"

[[package]]
name = "time"
version = "0.1.0"
source = "git+https://github.com/rust-lang/time#afab521f3b91658a3ba2d3e877b7e01699733bef"
dependencies = [
 "gcc 0.1.0 (git+https://github.com/alexcrichton/gcc-rs)",
]

[[package]]
name = "unsafe-any"
version = "0.1.1"
source = "git+https://github.com/reem/rust-unsafe-any#eb3fe87bea85f375b8fcefa0cdecfd131fae9624"

[[package]]
name = "url"
version = "0.1.0"
source = "git+https://github.com/servo/rust-url#9f05a0108025a1c9002e8977a42dce764895d170"

